
Microsoft Visual Studio Solution File, Format Version 12.00
# Visual Studio Version 17
VisualStudioVersion = 17.11.35327.3
MinimumVisualStudioVersion = 10.0.40219.1
Project("{FAE04EC0-301F-11D3-BF4B-00C04F79EFBC}") = "films", "film\films.csproj", "{70AD4FE3-1F02-4FCC-A753-E6B8F5DFD5CA}"
EndProject
Global
	GlobalSection(SolutionConfigurationPlatforms) = preSolution
		Debug|Any CPU = Debug|Any CPU
		Release|Any CPU = Release|Any CPU
	EndGlobalSection
	GlobalSection(ProjectConfigurationPlatforms) = postSolution
		{70AD4FE3-1F02-4FCC-A753-E6B8F5DFD5CA}.Debug|Any CPU.ActiveCfg = Debug|Any CPU
		{70AD4FE3-1F02-4FCC-A753-E6B8F5DFD5CA}.Debug|Any CPU.Build.0 = Debug|Any CPU
		{70AD4FE3-1F02-4FCC-A753-E6B8F5DFD5CA}.Release|Any CPU.ActiveCfg = Release|Any CPU
		{70AD4FE3-1F02-4FCC-A753-E6B8F5DFD5CA}.Release|Any CPU.Build.0 = Release|Any CPU
	EndGlobalSection
	GlobalSection(SolutionProperties) = preSolution
		HideSolutionNode = FALSE
	EndGlobalSection
	GlobalSection(ExtensibilityGlobals) = postSolution
		SolutionGuid = {C7BB82FC-7A8F-4E9C-87D1-569171BDE243}
	EndGlobalSection
EndGlobal
